{
  "name": "draftcat",
  "version": "0.7.0",
  "lockfileVersion": 3,
  "requires": true,
  "packages": {
    "": {
      "name": "draftcat",
      "version": "0.7.0",
      "cpu": [
        "x64",
        "arm64"
      ],
      "hasInstallScript": true,
      "license": "MIT",
      "os": [
        "darwin",
        "linux",
        "win32"
      ],
      "bin": {
        "draftcat": "npm/draftcat.js"
      },
      "engines": {
        "node": ">=18"
      }
    }
  }
}
